
Microsoft Visual Studio Solution File, Format Version 11.00
# Visual Studio 2010
Project("{FAE04EC0-301F-11D3-BF4B-00C04F79EFBC}") = "Assembly-CSharp", "Assembly-CSharp.csproj", "{39A490E9-70D0-191C-84A3-686B6C39D00E}"
EndProject
Project("{FAE04EC0-301F-11D3-BF4B-00C04F79EFBC}") = "Assembly-CSharp-Editor", "Assembly-CSharp-Editor.csproj", "{ED02F264-0068-0D0A-0FE5-CD408B2D0719}"
EndProject
Global
	GlobalSection(SolutionConfigurationPlatforms) = preSolution
		Debug|Any CPU = Debug|Any CPU
		Release|Any CPU = Release|Any CPU
	EndGlobalSection
	GlobalSection(ProjectConfigurationPlatforms) = postSolution
		{39A490E9-70D0-191C-84A3-686B6C39D00E}.Debug|Any CPU.ActiveCfg = Debug|Any CPU
		{39A490E9-70D0-191C-84A3-686B6C39D00E}.Debug|Any CPU.Build.0 = Debug|Any CPU
		{39A490E9-70D0-191C-84A3-686B6C39D00E}.Release|Any CPU.ActiveCfg = Release|Any CPU
		{39A490E9-70D0-191C-84A3-686B6C39D00E}.Release|Any CPU.Build.0 = Release|Any CPU
		{ED02F264-0068-0D0A-0FE5-CD408B2D0719}.Debug|Any CPU.ActiveCfg = Debug|Any CPU
		{ED02F264-0068-0D0A-0FE5-CD408B2D0719}.Debug|Any CPU.Build.0 = Debug|Any CPU
		{ED02F264-0068-0D0A-0FE5-CD408B2D0719}.Release|Any CPU.ActiveCfg = Release|Any CPU
		{ED02F264-0068-0D0A-0FE5-CD408B2D0719}.Release|Any CPU.Build.0 = Release|Any CPU
	EndGlobalSection
	GlobalSection(SolutionProperties) = preSolution
		HideSolutionNode = FALSE
	EndGlobalSection
	GlobalSection(MonoDevelopProperties) = preSolution
		StartupItem = Assembly-CSharp.csproj
	EndGlobalSection
EndGlobal
